// !$*UTF8*$!
{
	archiveVersion = 1;
	classes = {
	};
	objectVersion = 52;
	objects = {

/* Begin PBXBuildFile section */
		3775361422234238005EE5FE /* AppDelegate.swift in Sources */ = {isa = PBXBuildFile; fileRef = 3775361322234238005EE5FE /* AppDelegate.swift */; };
		3775361B22234238005EE5FE /* Assets.xcassets in Resources */ = {isa = PBXBuildFile; fileRef = 3775361A22234238005EE5FE /* Assets.xcassets */; };
		3775361E22234238005EE5FE /* LaunchScreen.storyboard in Resources */ = {isa = PBXBuildFile; fileRef = 3775361C22234238005EE5FE /* LaunchScreen.storyboard */; };
		5777BD802A10EC32002601AE /* AppConfig.swift in Sources */ = {isa = PBXBuildFile; fileRef = 5777BD7F2A10EC32002601AE /* AppConfig.swift */; };
		57A369832A353CF900FBBD38 /* ChooseProjectViewController.swift in Sources */ = {isa = PBXBuildFile; fileRef = 57A369822A353CF900FBBD38 /* ChooseProjectViewController.swift */; };
		57A369862A353E4000FBBD38 /* AppCoordinator.swift in Sources */ = {isa = PBXBuildFile; fileRef = 57A369852A353E4000FBBD38 /* AppCoordinator.swift */; };
		57A369882A35495A00FBBD38 /* StartViewController.swift in Sources */ = {isa = PBXBuildFile; fileRef = 57A369872A35495A00FBBD38 /* StartViewController.swift */; };
		57A3698A2A3549E800FBBD38 /* StartView.swift in Sources */ = {isa = PBXBuildFile; fileRef = 57A369892A3549E800FBBD38 /* StartView.swift */; };
		57A3698D2A35CB9500FBBD38 /* ProjectSettingsViewController.swift in Sources */ = {isa = PBXBuildFile; fileRef = 57A3698C2A35CB9500FBBD38 /* ProjectSettingsViewController.swift */; };
		57A3698F2A35CC6900FBBD38 /* SettingsViewController.swift in Sources */ = {isa = PBXBuildFile; fileRef = 57A3698E2A35CC6900FBBD38 /* SettingsViewController.swift */; };
		57A369912A35D12C00FBBD38 /* SettingsView.swift in Sources */ = {isa = PBXBuildFile; fileRef = 57A369902A35D12C00FBBD38 /* SettingsView.swift */; };
		57A369932A37606C00FBBD38 /* ProjectSettingsModel.swift in Sources */ = {isa = PBXBuildFile; fileRef = 57A369922A37606C00FBBD38 /* ProjectSettingsModel.swift */; };
		57A369952A3760F300FBBD38 /* SettingsModel.swift in Sources */ = {isa = PBXBuildFile; fileRef = 57A369942A3760F300FBBD38 /* SettingsModel.swift */; };
		57A369972A37628300FBBD38 /* ProjectSettingsView.swift in Sources */ = {isa = PBXBuildFile; fileRef = 57A369962A37628300FBBD38 /* ProjectSettingsView.swift */; };
		57A369992A37657A00FBBD38 /* Palette.swift in Sources */ = {isa = PBXBuildFile; fileRef = 57A369982A37657A00FBBD38 /* Palette.swift */; };
		57A3699D2A3766CB00FBBD38 /* UIColor+AppColor.swift in Sources */ = {isa = PBXBuildFile; fileRef = 57A3699C2A3766CB00FBBD38 /* UIColor+AppColor.swift */; };
		57A3699F2A37892F00FBBD38 /* SettingsTableView.swift in Sources */ = {isa = PBXBuildFile; fileRef = 57A3699E2A37892F00FBBD38 /* SettingsTableView.swift */; };
		57B867AB2A0A8A74009215C0 /* StorySDK in Frameworks */ = {isa = PBXBuildFile; productRef = 57B867AA2A0A8A74009215C0 /* StorySDK */; };
		57C2B8022A37A0D500348F87 /* ScanQRViewController.swift in Sources */ = {isa = PBXBuildFile; fileRef = 57C2B8012A37A0D500348F87 /* ScanQRViewController.swift */; };
		57C2B8052A37A15600348F87 /* ScanQRView.swift in Sources */ = {isa = PBXBuildFile; fileRef = 57C2B8042A37A15600348F87 /* ScanQRView.swift */; };
		57C2B8072A37A6EF00348F87 /* AVFoundation.framework in Frameworks */ = {isa = PBXBuildFile; fileRef = 57C2B8062A37A6EF00348F87 /* AVFoundation.framework */; };
		57C2B80A2A37C36F00348F87 /* OnboardingViewController.swift in Sources */ = {isa = PBXBuildFile; fileRef = 57C2B8092A37C36F00348F87 /* OnboardingViewController.swift */; };
		57C2B80C2A37C3AB00348F87 /* OnboardingView.swift in Sources */ = {isa = PBXBuildFile; fileRef = 57C2B80B2A37C3AB00348F87 /* OnboardingView.swift */; };
		8D356C7929E16A1800B08643 /* MainViewController.swift in Sources */ = {isa = PBXBuildFile; fileRef = 8D356C7829E16A1800B08643 /* MainViewController.swift */; };
		8D84A6CB29F1DA2E0024C58D /* StoriesPlayerModel.swift in Sources */ = {isa = PBXBuildFile; fileRef = 8D84A6CA29F1DA2D0024C58D /* StoriesPlayerModel.swift */; };
		8D84A6CE29F1DA3A0024C58D /* ChooseView.swift in Sources */ = {isa = PBXBuildFile; fileRef = 8D84A6CC29F1DA3A0024C58D /* ChooseView.swift */; };
		8D84A6CF29F1DA3A0024C58D /* ChooseViewController.swift in Sources */ = {isa = PBXBuildFile; fileRef = 8D84A6CD29F1DA3A0024C58D /* ChooseViewController.swift */; };
		8DB3764229FF075C007CC68C /* UIView+Extension.swift in Sources */ = {isa = PBXBuildFile; fileRef = 8DB3764129FF075C007CC68C /* UIView+Extension.swift */; };
		8DB3764429FF2ADA007CC68C /* GroupPickerViewController.swift in Sources */ = {isa = PBXBuildFile; fileRef = 8DB3764329FF2ADA007CC68C /* GroupPickerViewController.swift */; };
		8DB376502A02F51F007CC68C /* StoriesPlayerTests.swift in Sources */ = {isa = PBXBuildFile; fileRef = 8DB3764E2A02F51F007CC68C /* StoriesPlayerTests.swift */; };
		8DB376552A02F581007CC68C /* StoriesPlayerUITests.swift in Sources */ = {isa = PBXBuildFile; fileRef = 8DB376532A02F581007CC68C /* StoriesPlayerUITests.swift */; };
		8DB376562A02F581007CC68C /* Info.plist in Resources */ = {isa = PBXBuildFile; fileRef = 8DB376542A02F581007CC68C /* Info.plist */; };
		8DFCFC6129F1DF2E0033F4D1 /* SnapKit in Frameworks */ = {isa = PBXBuildFile; productRef = 8DFCFC6029F1DF2E0033F4D1 /* SnapKit */; };
/* End PBXBuildFile section */

/* Begin PBXContainerItemProxy section */
		3775362522234238005EE5FE /* PBXContainerItemProxy */ = {
			isa = PBXContainerItemProxy;
			containerPortal = 3775360822234238005EE5FE /* Project object */;
			proxyType = 1;
			remoteGlobalIDString = 3775360F22234238005EE5FE;
			remoteInfo = iOSTemplate;
		};
		3775363022234239005EE5FE /* PBXContainerItemProxy */ = {
			isa = PBXContainerItemProxy;
			containerPortal = 3775360822234238005EE5FE /* Project object */;
			proxyType = 1;
			remoteGlobalIDString = 3775360F22234238005EE5FE;
			remoteInfo = iOSTemplate;
		};
/* End PBXContainerItemProxy section */

/* Begin PBXFileReference section */
		3775361022234238005EE5FE /* StoriesPlayer.app */ = {isa = PBXFileReference; explicitFileType = wrapper.application; includeInIndex = 0; path = StoriesPlayer.app; sourceTree = BUILT_PRODUCTS_DIR; };
		3775361322234238005EE5FE /* AppDelegate.swift */ = {isa = PBXFileReference; lastKnownFileType = sourcecode.swift; path = AppDelegate.swift; sourceTree = "<group>"; };
		3775361A22234238005EE5FE /* Assets.xcassets */ = {isa = PBXFileReference; lastKnownFileType = folder.assetcatalog; path = Assets.xcassets; sourceTree = "<group>"; };
		3775361D22234238005EE5FE /* Base */ = {isa = PBXFileReference; lastKnownFileType = file.storyboard; name = Base; path = Base.lproj/LaunchScreen.storyboard; sourceTree = "<group>"; };
		3775361F22234238005EE5FE /* Info.plist */ = {isa = PBXFileReference; lastKnownFileType = text.plist.xml; path = Info.plist; sourceTree = "<group>"; };
		3775362422234238005EE5FE /* StoriesPlayerTests.xctest */ = {isa = PBXFileReference; explicitFileType = wrapper.cfbundle; includeInIndex = 0; path = StoriesPlayerTests.xctest; sourceTree = BUILT_PRODUCTS_DIR; };
		3775362F22234239005EE5FE /* StoriesPlayerUITests.xctest */ = {isa = PBXFileReference; explicitFileType = wrapper.cfbundle; includeInIndex = 0; path = StoriesPlayerUITests.xctest; sourceTree = BUILT_PRODUCTS_DIR; };
		5777BD7F2A10EC32002601AE /* AppConfig.swift */ = {isa = PBXFileReference; lastKnownFileType = sourcecode.swift; path = AppConfig.swift; sourceTree = "<group>"; };
		57A369822A353CF900FBBD38 /* ChooseProjectViewController.swift */ = {isa = PBXFileReference; lastKnownFileType = sourcecode.swift; path = ChooseProjectViewController.swift; sourceTree = "<group>"; };
		57A369852A353E4000FBBD38 /* AppCoordinator.swift */ = {isa = PBXFileReference; lastKnownFileType = sourcecode.swift; path = AppCoordinator.swift; sourceTree = "<group>"; };
		57A369872A35495A00FBBD38 /* StartViewController.swift */ = {isa = PBXFileReference; lastKnownFileType = sourcecode.swift; path = StartViewController.swift; sourceTree = "<group>"; };
		57A369892A3549E800FBBD38 /* StartView.swift */ = {isa = PBXFileReference; lastKnownFileType = sourcecode.swift; path = StartView.swift; sourceTree = "<group>"; };
		57A3698C2A35CB9500FBBD38 /* ProjectSettingsViewController.swift */ = {isa = PBXFileReference; lastKnownFileType = sourcecode.swift; path = ProjectSettingsViewController.swift; sourceTree = "<group>"; };
		57A3698E2A35CC6900FBBD38 /* SettingsViewController.swift */ = {isa = PBXFileReference; lastKnownFileType = sourcecode.swift; path = SettingsViewController.swift; sourceTree = "<group>"; };
		57A369902A35D12C00FBBD38 /* SettingsView.swift */ = {isa = PBXFileReference; lastKnownFileType = sourcecode.swift; path = SettingsView.swift; sourceTree = "<group>"; };
		57A369922A37606C00FBBD38 /* ProjectSettingsModel.swift */ = {isa = PBXFileReference; lastKnownFileType = sourcecode.swift; path = ProjectSettingsModel.swift; sourceTree = "<group>"; };
		57A369942A3760F300FBBD38 /* SettingsModel.swift */ = {isa = PBXFileReference; lastKnownFileType = sourcecode.swift; path = SettingsModel.swift; sourceTree = "<group>"; };
		57A369962A37628300FBBD38 /* ProjectSettingsView.swift */ = {isa = PBXFileReference; lastKnownFileType = sourcecode.swift; path = ProjectSettingsView.swift; sourceTree = "<group>"; };
		57A369982A37657A00FBBD38 /* Palette.swift */ = {isa = PBXFileReference; lastKnownFileType = sourcecode.swift; path = Palette.swift; sourceTree = "<group>"; };
		57A3699C2A3766CB00FBBD38 /* UIColor+AppColor.swift */ = {isa = PBXFileReference; lastKnownFileType = sourcecode.swift; path = "UIColor+AppColor.swift"; sourceTree = "<group>"; };
		57A3699E2A37892F00FBBD38 /* SettingsTableView.swift */ = {isa = PBXFileReference; lastKnownFileType = sourcecode.swift; path = SettingsTableView.swift; sourceTree = "<group>"; };
		57B867A92A0A8A57009215C0 /* story-ios-sdk */ = {isa = PBXFileReference; lastKnownFileType = wrapper; name = "story-ios-sdk"; path = "../story-ios-sdk"; sourceTree = "<group>"; };
		57C2B8012A37A0D500348F87 /* ScanQRViewController.swift */ = {isa = PBXFileReference; lastKnownFileType = sourcecode.swift; path = ScanQRViewController.swift; sourceTree = "<group>"; };
		57C2B8042A37A15600348F87 /* ScanQRView.swift */ = {isa = PBXFileReference; lastKnownFileType = sourcecode.swift; path = ScanQRView.swift; sourceTree = "<group>"; };
		57C2B8062A37A6EF00348F87 /* AVFoundation.framework */ = {isa = PBXFileReference; lastKnownFileType = wrapper.framework; name = AVFoundation.framework; path = System/Library/Frameworks/AVFoundation.framework; sourceTree = SDKROOT; };
		57C2B8092A37C36F00348F87 /* OnboardingViewController.swift */ = {isa = PBXFileReference; lastKnownFileType = sourcecode.swift; path = OnboardingViewController.swift; sourceTree = "<group>"; };
		57C2B80B2A37C3AB00348F87 /* OnboardingView.swift */ = {isa = PBXFileReference; lastKnownFileType = sourcecode.swift; path = OnboardingView.swift; sourceTree = "<group>"; };
		8D356C7829E16A1800B08643 /* MainViewController.swift */ = {isa = PBXFileReference; lastKnownFileType = sourcecode.swift; path = MainViewController.swift; sourceTree = "<group>"; };
		8D84A6CA29F1DA2D0024C58D /* StoriesPlayerModel.swift */ = {isa = PBXFileReference; fileEncoding = 4; lastKnownFileType = sourcecode.swift; path = StoriesPlayerModel.swift; sourceTree = "<group>"; };
		8D84A6CC29F1DA3A0024C58D /* ChooseView.swift */ = {isa = PBXFileReference; fileEncoding = 4; lastKnownFileType = sourcecode.swift; path = ChooseView.swift; sourceTree = "<group>"; };
		8D84A6CD29F1DA3A0024C58D /* ChooseViewController.swift */ = {isa = PBXFileReference; fileEncoding = 4; lastKnownFileType = sourcecode.swift; path = ChooseViewController.swift; sourceTree = "<group>"; };
		8DB3764129FF075C007CC68C /* UIView+Extension.swift */ = {isa = PBXFileReference; lastKnownFileType = sourcecode.swift; path = "UIView+Extension.swift"; sourceTree = "<group>"; };
		8DB3764329FF2ADA007CC68C /* GroupPickerViewController.swift */ = {isa = PBXFileReference; lastKnownFileType = sourcecode.swift; path = GroupPickerViewController.swift; sourceTree = "<group>"; };
		8DB3764E2A02F51F007CC68C /* StoriesPlayerTests.swift */ = {isa = PBXFileReference; fileEncoding = 4; lastKnownFileType = sourcecode.swift; path = StoriesPlayerTests.swift; sourceTree = "<group>"; };
		8DB3764F2A02F51F007CC68C /* Info.plist */ = {isa = PBXFileReference; fileEncoding = 4; lastKnownFileType = text.plist.xml; path = Info.plist; sourceTree = "<group>"; };
		8DB376532A02F581007CC68C /* StoriesPlayerUITests.swift */ = {isa = PBXFileReference; fileEncoding = 4; lastKnownFileType = sourcecode.swift; path = StoriesPlayerUITests.swift; sourceTree = "<group>"; };
		8DB376542A02F581007CC68C /* Info.plist */ = {isa = PBXFileReference; fileEncoding = 4; lastKnownFileType = text.plist.xml; path = Info.plist; sourceTree = "<group>"; };
/* End PBXFileReference section */

/* Begin PBXFrameworksBuildPhase section */
		3775360D22234238005EE5FE /* Frameworks */ = {
			isa = PBXFrameworksBuildPhase;
			buildActionMask = 2147483647;
			files = (
				8DFCFC6129F1DF2E0033F4D1 /* SnapKit in Frameworks */,
				57B867AB2A0A8A74009215C0 /* StorySDK in Frameworks */,
				57C2B8072A37A6EF00348F87 /* AVFoundation.framework in Frameworks */,
			);
			runOnlyForDeploymentPostprocessing = 0;
		};
		3775362122234238005EE5FE /* Frameworks */ = {
			isa = PBXFrameworksBuildPhase;
			buildActionMask = 2147483647;
			files = (
			);
			runOnlyForDeploymentPostprocessing = 0;
		};
		3775362C22234239005EE5FE /* Frameworks */ = {
			isa = PBXFrameworksBuildPhase;
			buildActionMask = 2147483647;
			files = (
			);
			runOnlyForDeploymentPostprocessing = 0;
		};
/* End PBXFrameworksBuildPhase section */

/* Begin PBXGroup section */
		3775360722234238005EE5FE = {
			isa = PBXGroup;
			children = (
				8D356C7C29E16B4B00B08643 /* Packages */,
				3775361222234238005EE5FE /* Code */,
				8DB3764D2A02F51F007CC68C /* StoriesPlayerTests */,
				8DB376522A02F581007CC68C /* StoriesPlayerUITests */,
				3775361122234238005EE5FE /* Products */,
				8D356C7E29E16B9900B08643 /* Frameworks */,
			);
			sourceTree = "<group>";
		};
		3775361122234238005EE5FE /* Products */ = {
			isa = PBXGroup;
			children = (
				3775361022234238005EE5FE /* StoriesPlayer.app */,
				3775362422234238005EE5FE /* StoriesPlayerTests.xctest */,
				3775362F22234239005EE5FE /* StoriesPlayerUITests.xctest */,
			);
			name = Products;
			sourceTree = "<group>";
		};
		3775361222234238005EE5FE /* Code */ = {
			isa = PBXGroup;
			children = (
				57A3699A2A37668E00FBBD38 /* UI */,
				57A369842A353E2500FBBD38 /* Flow */,
				5777BD7E2A10EC1B002601AE /* Config */,
				8DB3764029FF073B007CC68C /* Extension */,
				8D84A6C929F1DA2D0024C58D /* Model */,
				8D356C7729E169F900B08643 /* ViewControllers */,
				3775361322234238005EE5FE /* AppDelegate.swift */,
				3775361A22234238005EE5FE /* Assets.xcassets */,
				3775361C22234238005EE5FE /* LaunchScreen.storyboard */,
				3775361F22234238005EE5FE /* Info.plist */,
			);
			path = Code;
			sourceTree = "<group>";
		};
		5777BD7E2A10EC1B002601AE /* Config */ = {
			isa = PBXGroup;
			children = (
				5777BD7F2A10EC32002601AE /* AppConfig.swift */,
				57A369982A37657A00FBBD38 /* Palette.swift */,
			);
			path = Config;
			sourceTree = "<group>";
		};
		57A369842A353E2500FBBD38 /* Flow */ = {
			isa = PBXGroup;
			children = (
				57A369852A353E4000FBBD38 /* AppCoordinator.swift */,
			);
			path = Flow;
			sourceTree = "<group>";
		};
		57A3698B2A35CB6600FBBD38 /* Settings */ = {
			isa = PBXGroup;
			children = (
				57A3698C2A35CB9500FBBD38 /* ProjectSettingsViewController.swift */,
				57A369962A37628300FBBD38 /* ProjectSettingsView.swift */,
				57A3698E2A35CC6900FBBD38 /* SettingsViewController.swift */,
				57A369902A35D12C00FBBD38 /* SettingsView.swift */,
				57A3699E2A37892F00FBBD38 /* SettingsTableView.swift */,
			);
			path = Settings;
			sourceTree = "<group>";
		};
		57A3699A2A37668E00FBBD38 /* UI */ = {
			isa = PBXGroup;
			children = (
				57A3699B2A37669A00FBBD38 /* Extensions */,
			);
			path = UI;
			sourceTree = "<group>";
		};
		57A3699B2A37669A00FBBD38 /* Extensions */ = {
			isa = PBXGroup;
			children = (
				57A3699C2A3766CB00FBBD38 /* UIColor+AppColor.swift */,
			);
			path = Extensions;
			sourceTree = "<group>";
		};
		57C2B8032A37A14800348F87 /* ScanQR */ = {
			isa = PBXGroup;
			children = (
				57C2B8042A37A15600348F87 /* ScanQRView.swift */,
				57C2B8012A37A0D500348F87 /* ScanQRViewController.swift */,
			);
			path = ScanQR;
			sourceTree = "<group>";
		};
		57C2B8082A37C35600348F87 /* Onboarding */ = {
			isa = PBXGroup;
			children = (
				57C2B8092A37C36F00348F87 /* OnboardingViewController.swift */,
				57C2B80B2A37C3AB00348F87 /* OnboardingView.swift */,
			);
			path = Onboarding;
			sourceTree = "<group>";
		};
		8D356C7729E169F900B08643 /* ViewControllers */ = {
			isa = PBXGroup;
			children = (
				57C2B8082A37C35600348F87 /* Onboarding */,
				57C2B8032A37A14800348F87 /* ScanQR */,
				57A3698B2A35CB6600FBBD38 /* Settings */,
				8D84A6CC29F1DA3A0024C58D /* ChooseView.swift */,
				8D84A6CD29F1DA3A0024C58D /* ChooseViewController.swift */,
				8D356C7829E16A1800B08643 /* MainViewController.swift */,
				8DB3764329FF2ADA007CC68C /* GroupPickerViewController.swift */,
				57A369822A353CF900FBBD38 /* ChooseProjectViewController.swift */,
				57A369872A35495A00FBBD38 /* StartViewController.swift */,
				57A369892A3549E800FBBD38 /* StartView.swift */,
			);
			path = ViewControllers;
			sourceTree = "<group>";
		};
		8D356C7C29E16B4B00B08643 /* Packages */ = {
			isa = PBXGroup;
			children = (
				57B867A92A0A8A57009215C0 /* story-ios-sdk */,
			);
			name = Packages;
			sourceTree = "<group>";
		};
		8D356C7E29E16B9900B08643 /* Frameworks */ = {
			isa = PBXGroup;
			children = (
				57C2B8062A37A6EF00348F87 /* AVFoundation.framework */,
			);
			name = Frameworks;
			sourceTree = "<group>";
		};
		8D84A6C929F1DA2D0024C58D /* Model */ = {
			isa = PBXGroup;
			children = (
				8D84A6CA29F1DA2D0024C58D /* StoriesPlayerModel.swift */,
				57A369922A37606C00FBBD38 /* ProjectSettingsModel.swift */,
				57A369942A3760F300FBBD38 /* SettingsModel.swift */,
			);
			path = Model;
			sourceTree = "<group>";
		};
		8DB3764029FF073B007CC68C /* Extension */ = {
			isa = PBXGroup;
			children = (
				8DB3764129FF075C007CC68C /* UIView+Extension.swift */,
			);
			path = Extension;
			sourceTree = "<group>";
		};
		8DB3764D2A02F51F007CC68C /* StoriesPlayerTests */ = {
			isa = PBXGroup;
			children = (
				8DB3764E2A02F51F007CC68C /* StoriesPlayerTests.swift */,
				8DB3764F2A02F51F007CC68C /* Info.plist */,
			);
			path = StoriesPlayerTests;
			sourceTree = "<group>";
		};
		8DB376522A02F581007CC68C /* StoriesPlayerUITests */ = {
			isa = PBXGroup;
			children = (
				8DB376532A02F581007CC68C /* StoriesPlayerUITests.swift */,
				8DB376542A02F581007CC68C /* Info.plist */,
			);
			path = StoriesPlayerUITests;
			sourceTree = "<group>";
		};
/* End PBXGroup section */

/* Begin PBXNativeTarget section */
		3775360F22234238005EE5FE /* StoriesPlayer */ = {
			isa = PBXNativeTarget;
			buildConfigurationList = 3775363822234239005EE5FE /* Build configuration list for PBXNativeTarget "StoriesPlayer" */;
			buildPhases = (
				3775360C22234238005EE5FE /* Sources */,
				3775360D22234238005EE5FE /* Frameworks */,
				3775360E22234238005EE5FE /* Resources */,
			);
			buildRules = (
			);
			dependencies = (
			);
			name = StoriesPlayer;
			packageProductDependencies = (
				8DFCFC6029F1DF2E0033F4D1 /* SnapKit */,
				57B867AA2A0A8A74009215C0 /* StorySDK */,
			);
			productName = iOSTemplate;
			productReference = 3775361022234238005EE5FE /* StoriesPlayer.app */;
			productType = "com.apple.product-type.application";
		};
		3775362322234238005EE5FE /* StoriesPlayerTests */ = {
			isa = PBXNativeTarget;
			buildConfigurationList = 3775363B22234239005EE5FE /* Build configuration list for PBXNativeTarget "StoriesPlayerTests" */;
			buildPhases = (
				3775362022234238005EE5FE /* Sources */,
				3775362122234238005EE5FE /* Frameworks */,
				3775362222234238005EE5FE /* Resources */,
			);
			buildRules = (
			);
			dependencies = (
				3775362622234238005EE5FE /* PBXTargetDependency */,
			);
			name = StoriesPlayerTests;
			productName = iOSTemplateTests;
			productReference = 3775362422234238005EE5FE /* StoriesPlayerTests.xctest */;
			productType = "com.apple.product-type.bundle.unit-test";
		};
		3775362E22234239005EE5FE /* StoriesPlayerUITests */ = {
			isa = PBXNativeTarget;
			buildConfigurationList = 3775363E22234239005EE5FE /* Build configuration list for PBXNativeTarget "StoriesPlayerUITests" */;
			buildPhases = (
				3775362B22234239005EE5FE /* Sources */,
				3775362C22234239005EE5FE /* Frameworks */,
				3775362D22234239005EE5FE /* Resources */,
			);
			buildRules = (
			);
			dependencies = (
				3775363122234239005EE5FE /* PBXTargetDependency */,
			);
			name = StoriesPlayerUITests;
			productName = iOSTemplateUITests;
			productReference = 3775362F22234239005EE5FE /* StoriesPlayerUITests.xctest */;
			productType = "com.apple.product-type.bundle.ui-testing";
		};
/* End PBXNativeTarget section */

/* Begin PBXProject section */
		3775360822234238005EE5FE /* Project object */ = {
			isa = PBXProject;
			attributes = {
				LastSwiftUpdateCheck = 1010;
				LastUpgradeCheck = 1420;
				TargetAttributes = {
					3775360F22234238005EE5FE = {
						CreatedOnToolsVersion = 10.1;
						LastSwiftMigration = "";
					};
					3775362322234238005EE5FE = {
						CreatedOnToolsVersion = 10.1;
						TestTargetID = 3775360F22234238005EE5FE;
					};
					3775362E22234239005EE5FE = {
						CreatedOnToolsVersion = 10.1;
						TestTargetID = 3775360F22234238005EE5FE;
					};
				};
			};
			buildConfigurationList = 3775360B22234238005EE5FE /* Build configuration list for PBXProject "StoriesPlayer" */;
			compatibilityVersion = "Xcode 9.3";
			developmentRegion = en;
			hasScannedForEncodings = 0;
			knownRegions = (
				en,
				Base,
			);
			mainGroup = 3775360722234238005EE5FE;
			packageReferences = (
				8DFCFC5F29F1DF2E0033F4D1 /* XCRemoteSwiftPackageReference "SnapKit" */,
			);
			productRefGroup = 3775361122234238005EE5FE /* Products */;
			projectDirPath = "";
			projectRoot = "";
			targets = (
				3775360F22234238005EE5FE /* StoriesPlayer */,
				3775362322234238005EE5FE /* StoriesPlayerTests */,
				3775362E22234239005EE5FE /* StoriesPlayerUITests */,
			);
		};
/* End PBXProject section */

/* Begin PBXResourcesBuildPhase section */
		3775360E22234238005EE5FE /* Resources */ = {
			isa = PBXResourcesBuildPhase;
			buildActionMask = 2147483647;
			files = (
				3775361E22234238005EE5FE /* LaunchScreen.storyboard in Resources */,
				3775361B22234238005EE5FE /* Assets.xcassets in Resources */,
			);
			runOnlyForDeploymentPostprocessing = 0;
		};
		3775362222234238005EE5FE /* Resources */ = {
			isa = PBXResourcesBuildPhase;
			buildActionMask = 2147483647;
			files = (
			);
			runOnlyForDeploymentPostprocessing = 0;
		};
		3775362D22234239005EE5FE /* Resources */ = {
			isa = PBXResourcesBuildPhase;
			buildActionMask = 2147483647;
			files = (
				8DB376562A02F581007CC68C /* Info.plist in Resources */,
			);
			runOnlyForDeploymentPostprocessing = 0;
		};
/* End PBXResourcesBuildPhase section */

/* Begin PBXSourcesBuildPhase section */
		3775360C22234238005EE5FE /* Sources */ = {
			isa = PBXSourcesBuildPhase;
			buildActionMask = 2147483647;
			files = (
				57A369912A35D12C00FBBD38 /* SettingsView.swift in Sources */,
				57A369832A353CF900FBBD38 /* ChooseProjectViewController.swift in Sources */,
				57A369952A3760F300FBBD38 /* SettingsModel.swift in Sources */,
				8DB3764229FF075C007CC68C /* UIView+Extension.swift in Sources */,
				57A369862A353E4000FBBD38 /* AppCoordinator.swift in Sources */,
				57A3698A2A3549E800FBBD38 /* StartView.swift in Sources */,
				57C2B8052A37A15600348F87 /* ScanQRView.swift in Sources */,
				5777BD802A10EC32002601AE /* AppConfig.swift in Sources */,
				57A3699F2A37892F00FBBD38 /* SettingsTableView.swift in Sources */,
				8D356C7929E16A1800B08643 /* MainViewController.swift in Sources */,
				57A3698D2A35CB9500FBBD38 /* ProjectSettingsViewController.swift in Sources */,
				57A3699D2A3766CB00FBBD38 /* UIColor+AppColor.swift in Sources */,
				57A369972A37628300FBBD38 /* ProjectSettingsView.swift in Sources */,
				57A369882A35495A00FBBD38 /* StartViewController.swift in Sources */,
				57A369992A37657A00FBBD38 /* Palette.swift in Sources */,
				8D84A6CF29F1DA3A0024C58D /* ChooseViewController.swift in Sources */,
				57A3698F2A35CC6900FBBD38 /* SettingsViewController.swift in Sources */,
				8D84A6CE29F1DA3A0024C58D /* ChooseView.swift in Sources */,
				57C2B80C2A37C3AB00348F87 /* OnboardingView.swift in Sources */,
				8D84A6CB29F1DA2E0024C58D /* StoriesPlayerModel.swift in Sources */,
				57C2B80A2A37C36F00348F87 /* OnboardingViewController.swift in Sources */,
				8DB3764429FF2ADA007CC68C /* GroupPickerViewController.swift in Sources */,
				57A369932A37606C00FBBD38 /* ProjectSettingsModel.swift in Sources */,
				57C2B8022A37A0D500348F87 /* ScanQRViewController.swift in Sources */,
				3775361422234238005EE5FE /* AppDelegate.swift in Sources */,
			);
			runOnlyForDeploymentPostprocessing = 0;
		};
		3775362022234238005EE5FE /* Sources */ = {
			isa = PBXSourcesBuildPhase;
			buildActionMask = 2147483647;
			files = (
				8DB376502A02F51F007CC68C /* StoriesPlayerTests.swift in Sources */,
			);
			runOnlyForDeploymentPostprocessing = 0;
		};
		3775362B22234239005EE5FE /* Sources */ = {
			isa = PBXSourcesBuildPhase;
			buildActionMask = 2147483647;
			files = (
				8DB376552A02F581007CC68C /* StoriesPlayerUITests.swift in Sources */,
			);
			runOnlyForDeploymentPostprocessing = 0;
		};
/* End PBXSourcesBuildPhase section */

/* Begin PBXTargetDependency section */
		3775362622234238005EE5FE /* PBXTargetDependency */ = {
			isa = PBXTargetDependency;
			target = 3775360F22234238005EE5FE /* StoriesPlayer */;
			targetProxy = 3775362522234238005EE5FE /* PBXContainerItemProxy */;
		};
		3775363122234239005EE5FE /* PBXTargetDependency */ = {
			isa = PBXTargetDependency;
			target = 3775360F22234238005EE5FE /* StoriesPlayer */;
			targetProxy = 3775363022234239005EE5FE /* PBXContainerItemProxy */;
		};
/* End PBXTargetDependency section */

/* Begin PBXVariantGroup section */
		3775361C22234238005EE5FE /* LaunchScreen.storyboard */ = {
			isa = PBXVariantGroup;
			children = (
				3775361D22234238005EE5FE /* Base */,
			);
			name = LaunchScreen.storyboard;
			sourceTree = "<group>";
		};
/* End PBXVariantGroup section */

/* Begin XCBuildConfiguration section */
		3775363622234239005EE5FE /* Debug */ = {
			isa = XCBuildConfiguration;
			buildSettings = {
				ALWAYS_SEARCH_USER_PATHS = NO;
				CLANG_ANALYZER_NONNULL = YES;
				CLANG_ANALYZER_NUMBER_OBJECT_CONVERSION = YES_AGGRESSIVE;
				CLANG_CXX_LANGUAGE_STANDARD = "gnu++14";
				CLANG_CXX_LIBRARY = "libc++";
				CLANG_ENABLE_MODULES = YES;
				CLANG_ENABLE_OBJC_ARC = YES;
				CLANG_ENABLE_OBJC_WEAK = YES;
				CLANG_WARN_BLOCK_CAPTURE_AUTORELEASING = YES;
				CLANG_WARN_BOOL_CONVERSION = YES;
				CLANG_WARN_COMMA = YES;
				CLANG_WARN_CONSTANT_CONVERSION = YES;
				CLANG_WARN_DEPRECATED_OBJC_IMPLEMENTATIONS = YES;
				CLANG_WARN_DIRECT_OBJC_ISA_USAGE = YES_ERROR;
				CLANG_WARN_DOCUMENTATION_COMMENTS = YES;
				CLANG_WARN_EMPTY_BODY = YES;
				CLANG_WARN_ENUM_CONVERSION = YES;
				CLANG_WARN_INFINITE_RECURSION = YES;
				CLANG_WARN_INT_CONVERSION = YES;
				CLANG_WARN_NON_LITERAL_NULL_CONVERSION = YES;
				CLANG_WARN_OBJC_IMPLICIT_RETAIN_SELF = YES;
				CLANG_WARN_OBJC_LITERAL_CONVERSION = YES;
				CLANG_WARN_OBJC_ROOT_CLASS = YES_ERROR;
				CLANG_WARN_QUOTED_INCLUDE_IN_FRAMEWORK_HEADER = YES;
				CLANG_WARN_RANGE_LOOP_ANALYSIS = YES;
				CLANG_WARN_STRICT_PROTOTYPES = YES;
				CLANG_WARN_SUSPICIOUS_MOVE = YES;
				CLANG_WARN_UNGUARDED_AVAILABILITY = YES_AGGRESSIVE;
				CLANG_WARN_UNREACHABLE_CODE = YES;
				CLANG_WARN__DUPLICATE_METHOD_MATCH = YES;
				CODE_SIGN_IDENTITY = "iPhone Developer";
				COPY_PHASE_STRIP = NO;
				DEBUG_INFORMATION_FORMAT = dwarf;
				ENABLE_STRICT_OBJC_MSGSEND = YES;
				ENABLE_TESTABILITY = YES;
				GCC_C_LANGUAGE_STANDARD = gnu11;
				GCC_DYNAMIC_NO_PIC = NO;
				GCC_NO_COMMON_BLOCKS = YES;
				GCC_OPTIMIZATION_LEVEL = 0;
				GCC_PREPROCESSOR_DEFINITIONS = (
					"DEBUG=1",
					"$(inherited)",
				);
				GCC_WARN_64_TO_32_BIT_CONVERSION = YES;
				GCC_WARN_ABOUT_RETURN_TYPE = YES_ERROR;
				GCC_WARN_UNDECLARED_SELECTOR = YES;
				GCC_WARN_UNINITIALIZED_AUTOS = YES_AGGRESSIVE;
				GCC_WARN_UNUSED_FUNCTION = YES;
				GCC_WARN_UNUSED_VARIABLE = YES;
				INFOPLIST_KEY_CFBundleDisplayName = "";
				IPHONEOS_DEPLOYMENT_TARGET = 13.0;
				MTL_ENABLE_DEBUG_INFO = INCLUDE_SOURCE;
				MTL_FAST_MATH = YES;
				ONLY_ACTIVE_ARCH = YES;
				SDKROOT = iphoneos;
				SWIFT_ACTIVE_COMPILATION_CONDITIONS = DEBUG;
				SWIFT_OPTIMIZATION_LEVEL = "-Onone";
			};
			name = Debug;
		};
		3775363722234239005EE5FE /* Release */ = {
			isa = XCBuildConfiguration;
			buildSettings = {
				ALWAYS_SEARCH_USER_PATHS = NO;
				CLANG_ANALYZER_NONNULL = YES;
				CLANG_ANALYZER_NUMBER_OBJECT_CONVERSION = YES_AGGRESSIVE;
				CLANG_CXX_LANGUAGE_STANDARD = "gnu++14";
				CLANG_CXX_LIBRARY = "libc++";
				CLANG_ENABLE_MODULES = YES;
				CLANG_ENABLE_OBJC_ARC = YES;
				CLANG_ENABLE_OBJC_WEAK = YES;
				CLANG_WARN_BLOCK_CAPTURE_AUTORELEASING = YES;
				CLANG_WARN_BOOL_CONVERSION = YES;
				CLANG_WARN_COMMA = YES;
				CLANG_WARN_CONSTANT_CONVERSION = YES;
				CLANG_WARN_DEPRECATED_OBJC_IMPLEMENTATIONS = YES;
				CLANG_WARN_DIRECT_OBJC_ISA_USAGE = YES_ERROR;
				CLANG_WARN_DOCUMENTATION_COMMENTS = YES;
				CLANG_WARN_EMPTY_BODY = YES;
				CLANG_WARN_ENUM_CONVERSION = YES;
				CLANG_WARN_INFINITE_RECURSION = YES;
				CLANG_WARN_INT_CONVERSION = YES;
				CLANG_WARN_NON_LITERAL_NULL_CONVERSION = YES;
				CLANG_WARN_OBJC_IMPLICIT_RETAIN_SELF = YES;
				CLANG_WARN_OBJC_LITERAL_CONVERSION = YES;
				CLANG_WARN_OBJC_ROOT_CLASS = YES_ERROR;
				CLANG_WARN_QUOTED_INCLUDE_IN_FRAMEWORK_HEADER = YES;
				CLANG_WARN_RANGE_LOOP_ANALYSIS = YES;
				CLANG_WARN_STRICT_PROTOTYPES = YES;
				CLANG_WARN_SUSPICIOUS_MOVE = YES;
				CLANG_WARN_UNGUARDED_AVAILABILITY = YES_AGGRESSIVE;
				CLANG_WARN_UNREACHABLE_CODE = YES;
				CLANG_WARN__DUPLICATE_METHOD_MATCH = YES;
				CODE_SIGN_IDENTITY = "iPhone Developer";
				COPY_PHASE_STRIP = NO;
				DEBUG_INFORMATION_FORMAT = "dwarf-with-dsym";
				ENABLE_NS_ASSERTIONS = NO;
				ENABLE_STRICT_OBJC_MSGSEND = YES;
				GCC_C_LANGUAGE_STANDARD = gnu11;
				GCC_NO_COMMON_BLOCKS = YES;
				GCC_WARN_64_TO_32_BIT_CONVERSION = YES;
				GCC_WARN_ABOUT_RETURN_TYPE = YES_ERROR;
				GCC_WARN_UNDECLARED_SELECTOR = YES;
				GCC_WARN_UNINITIALIZED_AUTOS = YES_AGGRESSIVE;
				GCC_WARN_UNUSED_FUNCTION = YES;
				GCC_WARN_UNUSED_VARIABLE = YES;
				INFOPLIST_KEY_CFBundleDisplayName = "";
				IPHONEOS_DEPLOYMENT_TARGET = 13.0;
				MTL_ENABLE_DEBUG_INFO = NO;
				MTL_FAST_MATH = YES;
				SDKROOT = iphoneos;
				SWIFT_COMPILATION_MODE = wholemodule;
				SWIFT_OPTIMIZATION_LEVEL = "-O";
				VALIDATE_PRODUCT = YES;
			};
			name = Release;
		};
		3775363922234239005EE5FE /* Debug */ = {
			isa = XCBuildConfiguration;
			buildSettings = {
				ASSETCATALOG_COMPILER_APPICON_NAME = AppIcon;
				CODE_SIGN_STYLE = Automatic;
				CURRENT_PROJECT_VERSION = 18;
				DEVELOPMENT_TEAM = QQC7SML9L4;
				INFOPLIST_FILE = Code/Info.plist;
				INFOPLIST_KEY_CFBundleDisplayName = "";
				IPHONEOS_DEPLOYMENT_TARGET = 13.0;
				LD_RUNPATH_SEARCH_PATHS = (
					"$(inherited)",
					"@executable_path/Frameworks",
				);
				PRODUCT_BUNDLE_IDENTIFIER = com.softeam.storiesplayer.app;
				PRODUCT_NAME = "$(TARGET_NAME)";
				SWIFT_VERSION = 5.0;
				TARGETED_DEVICE_FAMILY = 1;
			};
			name = Debug;
		};
		3775363A22234239005EE5FE /* Release */ = {
			isa = XCBuildConfiguration;
			buildSettings = {
				ASSETCATALOG_COMPILER_APPICON_NAME = AppIcon;
				CODE_SIGN_STYLE = Automatic;
				CURRENT_PROJECT_VERSION = 18;
				DEVELOPMENT_TEAM = QQC7SML9L4;
				INFOPLIST_FILE = Code/Info.plist;
				INFOPLIST_KEY_CFBundleDisplayName = "";
				IPHONEOS_DEPLOYMENT_TARGET = 13.0;
				LD_RUNPATH_SEARCH_PATHS = (
					"$(inherited)",
					"@executable_path/Frameworks",
				);
				PRODUCT_BUNDLE_IDENTIFIER = com.softeam.storiesplayer.app;
				PRODUCT_NAME = "$(TARGET_NAME)";
				SWIFT_VERSION = 5.0;
				TARGETED_DEVICE_FAMILY = 1;
			};
			name = Release;
		};
		3775363C22234239005EE5FE /* Debug */ = {
			isa = XCBuildConfiguration;
			buildSettings = {
				ALWAYS_EMBED_SWIFT_STANDARD_LIBRARIES = YES;
				BUNDLE_LOADER = "$(TEST_HOST)";
				CODE_SIGN_STYLE = Automatic;
				INFOPLIST_FILE = StoriesPlayerTests/Info.plist;
				LD_RUNPATH_SEARCH_PATHS = (
					"$(inherited)",
					"@executable_path/Frameworks",
					"@loader_path/Frameworks",
				);
				PRODUCT_BUNDLE_IDENTIFIER = com.example.iOSTemplateTests;
				PRODUCT_NAME = "$(TARGET_NAME)";
				SWIFT_VERSION = 4.2;
				TARGETED_DEVICE_FAMILY = "1,2";
				TEST_HOST = "$(BUILT_PRODUCTS_DIR)/StoriesPlayer.app/StoriesPlayer";
			};
			name = Debug;
		};
		3775363D22234239005EE5FE /* Release */ = {
			isa = XCBuildConfiguration;
			buildSettings = {
				ALWAYS_EMBED_SWIFT_STANDARD_LIBRARIES = YES;
				BUNDLE_LOADER = "$(TEST_HOST)";
				CODE_SIGN_STYLE = Automatic;
				INFOPLIST_FILE = StoriesPlayerTests/Info.plist;
				LD_RUNPATH_SEARCH_PATHS = (
					"$(inherited)",
					"@executable_path/Frameworks",
					"@loader_path/Frameworks",
				);
				PRODUCT_BUNDLE_IDENTIFIER = com.example.iOSTemplateTests;
				PRODUCT_NAME = "$(TARGET_NAME)";
				SWIFT_VERSION = 4.2;
				TARGETED_DEVICE_FAMILY = "1,2";
				TEST_HOST = "$(BUILT_PRODUCTS_DIR)/StoriesPlayer.app/StoriesPlayer";
			};
			name = Release;
		};
		3775363F22234239005EE5FE /* Debug */ = {
			isa = XCBuildConfiguration;
			buildSettings = {
				ALWAYS_EMBED_SWIFT_STANDARD_LIBRARIES = YES;
				CODE_SIGN_STYLE = Automatic;
				INFOPLIST_FILE = StoriesPlayerUITests/Info.plist;
				LD_RUNPATH_SEARCH_PATHS = (
					"$(inherited)",
					"@executable_path/Frameworks",
					"@loader_path/Frameworks",
				);
				PRODUCT_BUNDLE_IDENTIFIER = com.example.iOSTemplateUITests;
				PRODUCT_NAME = "$(TARGET_NAME)";
				SWIFT_VERSION = 4.2;
				TARGETED_DEVICE_FAMILY = "1,2";
				TEST_TARGET_NAME = iOSTemplate;
			};
			name = Debug;
		};
		3775364022234239005EE5FE /* Release */ = {
			isa = XCBuildConfiguration;
			buildSettings = {
				ALWAYS_EMBED_SWIFT_STANDARD_LIBRARIES = YES;
				CODE_SIGN_STYLE = Automatic;
				INFOPLIST_FILE = StoriesPlayerUITests/Info.plist;
				LD_RUNPATH_SEARCH_PATHS = (
					"$(inherited)",
					"@executable_path/Frameworks",
					"@loader_path/Frameworks",
				);
				PRODUCT_BUNDLE_IDENTIFIER = com.example.iOSTemplateUITests;
				PRODUCT_NAME = "$(TARGET_NAME)";
				SWIFT_VERSION = 4.2;
				TARGETED_DEVICE_FAMILY = "1,2";
				TEST_TARGET_NAME = iOSTemplate;
			};
			name = Release;
		};
/* End XCBuildConfiguration section */

/* Begin XCConfigurationList section */
		3775360B22234238005EE5FE /* Build configuration list for PBXProject "StoriesPlayer" */ = {
			isa = XCConfigurationList;
			buildConfigurations = (
				3775363622234239005EE5FE /* Debug */,
				3775363722234239005EE5FE /* Release */,
			);
			defaultConfigurationIsVisible = 0;
			defaultConfigurationName = Release;
		};
		3775363822234239005EE5FE /* Build configuration list for PBXNativeTarget "StoriesPlayer" */ = {
			isa = XCConfigurationList;
			buildConfigurations = (
				3775363922234239005EE5FE /* Debug */,
				3775363A22234239005EE5FE /* Release */,
			);
			defaultConfigurationIsVisible = 0;
			defaultConfigurationName = Release;
		};
		3775363B22234239005EE5FE /* Build configuration list for PBXNativeTarget "StoriesPlayerTests" */ = {
			isa = XCConfigurationList;
			buildConfigurations = (
				3775363C22234239005EE5FE /* Debug */,
				3775363D22234239005EE5FE /* Release */,
			);
			defaultConfigurationIsVisible = 0;
			defaultConfigurationName = Release;
		};
		3775363E22234239005EE5FE /* Build configuration list for PBXNativeTarget "StoriesPlayerUITests" */ = {
			isa = XCConfigurationList;
			buildConfigurations = (
				3775363F22234239005EE5FE /* Debug */,
				3775364022234239005EE5FE /* Release */,
			);
			defaultConfigurationIsVisible = 0;
			defaultConfigurationName = Release;
		};
/* End XCConfigurationList section */

/* Begin XCRemoteSwiftPackageReference section */
		8DFCFC5F29F1DF2E0033F4D1 /* XCRemoteSwiftPackageReference "SnapKit" */ = {
			isa = XCRemoteSwiftPackageReference;
			repositoryURL = "https://github.com/SnapKit/SnapKit.git";
			requirement = {
				kind = exactVersion;
				version = 5.6.0;
			};
		};
/* End XCRemoteSwiftPackageReference section */

/* Begin XCSwiftPackageProductDependency section */
		57B867AA2A0A8A74009215C0 /* StorySDK */ = {
			isa = XCSwiftPackageProductDependency;
			productName = StorySDK;
		};
		8DFCFC6029F1DF2E0033F4D1 /* SnapKit */ = {
			isa = XCSwiftPackageProductDependency;
			package = 8DFCFC5F29F1DF2E0033F4D1 /* XCRemoteSwiftPackageReference "SnapKit" */;
			productName = SnapKit;
		};
/* End XCSwiftPackageProductDependency section */
	};
	rootObject = 3775360822234238005EE5FE /* Project object */;
}
