{
  "originHash" : "1699653da7e5f9d409bc8ffb7b486dfc2d180679889d5f29e209d7f73d030be1",
  "pins" : [
    {
      "identity" : "snapkit",
      "kind" : "remoteSourceControl",
      "location" : "https://github.com/SnapKit/SnapKit.git",
      "state" : {
        "revision" : "f222cbdf325885926566172f6f5f06af95473158",
        "version" : "5.6.0"
      }
    },
    {
      "identity" : "story-ios-sdk",
      "kind" : "remoteSourceControl",
      "location" : "https://github.com/StorySDK/story-ios-sdk.git",
      "state" : {
        "revision" : "c05ded84164fe80a09bb4aed32bcea43994f0ef2",
        "version" : "0.9.12"
      }
    }
  ],
  "version" : 3
}
